Microsoft Visual Studio Solution File, Format Version 11.00
# Visual Studio 2008

Project("{13E78F60-5C81-D9E3-7706-8A4F7D78EAEE}") = "copperkey", "Assembly-CSharp-firstpass.csproj", "{4F87A328-A824-DB1E-8629-5D1D78D23868}"
EndProject
Project("{13E78F60-5C81-D9E3-7706-8A4F7D78EAEE}") = "copperkey", "Assembly-CSharp.csproj", "{7778104F-1F4B-35D5-B631-E6E8807A2C3B}"
EndProject
Project("{13E78F60-5C81-D9E3-7706-8A4F7D78EAEE}") = "copperkey", "Assembly-CSharp-Editor.csproj", "{FD3E6639-AC58-81AF-C808-3E73D8062451}"
EndProject
Project("{13E78F60-5C81-D9E3-7706-8A4F7D78EAEE}") = "copperkey", "Assembly-UnityScript-firstpass.unityproj", "{64573AA5-4C1A-22A5-D976-B0871CC7739E}"
EndProject
Project("{13E78F60-5C81-D9E3-7706-8A4F7D78EAEE}") = "copperkey", "Assembly-UnityScript.unityproj", "{BAF1FE00-51AC-8840-9816-8BA79C86C0E3}"
EndProject
Global
	GlobalSection(SolutionConfigurationPlatforms) = preSolution
		Debug|Any CPU = Debug|Any CPU
		Release|Any CPU = Release|Any CPU
	EndGlobalSection
	GlobalSection(ProjectConfigurationPlatforms) = postSolution
		{4F87A328-A824-DB1E-8629-5D1D78D23868}.Debug|Any CPU.ActiveCfg = Debug|Any CPU
		{4F87A328-A824-DB1E-8629-5D1D78D23868}.Debug|Any CPU.Build.0 = Debug|Any CPU
		{4F87A328-A824-DB1E-8629-5D1D78D23868}.Release|Any CPU.ActiveCfg = Release|Any CPU
		{4F87A328-A824-DB1E-8629-5D1D78D23868}.Release|Any CPU.Build.0 = Release|Any CPU
		{7778104F-1F4B-35D5-B631-E6E8807A2C3B}.Debug|Any CPU.ActiveCfg = Debug|Any CPU
		{7778104F-1F4B-35D5-B631-E6E8807A2C3B}.Debug|Any CPU.Build.0 = Debug|Any CPU
		{7778104F-1F4B-35D5-B631-E6E8807A2C3B}.Release|Any CPU.ActiveCfg = Release|Any CPU
		{7778104F-1F4B-35D5-B631-E6E8807A2C3B}.Release|Any CPU.Build.0 = Release|Any CPU
		{FD3E6639-AC58-81AF-C808-3E73D8062451}.Debug|Any CPU.ActiveCfg = Debug|Any CPU
		{FD3E6639-AC58-81AF-C808-3E73D8062451}.Debug|Any CPU.Build.0 = Debug|Any CPU
		{FD3E6639-AC58-81AF-C808-3E73D8062451}.Release|Any CPU.ActiveCfg = Release|Any CPU
		{FD3E6639-AC58-81AF-C808-3E73D8062451}.Release|Any CPU.Build.0 = Release|Any CPU
		{64573AA5-4C1A-22A5-D976-B0871CC7739E}.Debug|Any CPU.ActiveCfg = Debug|Any CPU
		{64573AA5-4C1A-22A5-D976-B0871CC7739E}.Debug|Any CPU.Build.0 = Debug|Any CPU
		{64573AA5-4C1A-22A5-D976-B0871CC7739E}.Release|Any CPU.ActiveCfg = Release|Any CPU
		{64573AA5-4C1A-22A5-D976-B0871CC7739E}.Release|Any CPU.Build.0 = Release|Any CPU
		{BAF1FE00-51AC-8840-9816-8BA79C86C0E3}.Debug|Any CPU.ActiveCfg = Debug|Any CPU
		{BAF1FE00-51AC-8840-9816-8BA79C86C0E3}.Debug|Any CPU.Build.0 = Debug|Any CPU
		{BAF1FE00-51AC-8840-9816-8BA79C86C0E3}.Release|Any CPU.ActiveCfg = Release|Any CPU
		{BAF1FE00-51AC-8840-9816-8BA79C86C0E3}.Release|Any CPU.Build.0 = Release|Any CPU
	EndGlobalSection
	GlobalSection(SolutionProperties) = preSolution
		HideSolutionNode = FALSE
	EndGlobalSection
																		GlobalSection(MonoDevelopProperties) = preSolution
		StartupItem = Assembly-CSharp.csproj
		Policies = $0
		$0.TextStylePolicy = $1
		$1.inheritsSet = null
		$1.scope = text/x-csharp
		$0.CSharpFormattingPolicy = $2
		$2.inheritsSet = Mono
		$2.inheritsScope = text/x-csharp
		$2.scope = text/x-csharp
		$0.TextStylePolicy = $3
		$3.FileWidth = 120
		$3.TabWidth = 4
		$3.EolMarker = Unix
		$3.inheritsSet = Mono
		$3.inheritsScope = text/plain
		$3.scope = text/plain
	EndGlobalSection

EndGlobal
